GEM
  remote: https://rubygems.org/
  specs:
    awesome_print (1.9.2)
    aws-eventstream (1.4.0)
    aws-partitions (1.1226.0)
    aws-sdk-core (3.243.0)
      aws-eventstream (~> 1, >= 1.3.0)
      aws-partitions (~> 1, >= 1.992.0)
      aws-sigv4 (~> 1.9)
      base64
      bigdecimal
      jmespath (~> 1, >= 1.6.1)
      logger
    aws-sdk-sns (1.112.0)
      aws-sdk-core (~> 3, >= 3.241.4)
      aws-sigv4 (~> 1.5)
    aws-sdk-sqs (1.111.0)
      aws-sdk-core (~> 3, >= 3.241.4)
      aws-sigv4 (~> 1.5)
    aws-sigv4 (1.12.1)
      aws-eventstream (~> 1, >= 1.0.2)
    base64 (0.3.0)
    bigdecimal (4.0.1)
    jmespath (1.6.2)
    logger (1.7.0)
    obsws (0.6.2)
      waitutil (~> 0.2.1)
      websocket-driver (~> 0.7.5)
    waitutil (0.2.1)
    websocket-driver (0.7.7)
      base64
      websocket-extensions (>= 0.1.0)
    websocket-extensions (0.1.5)

PLATFORMS
  ruby
  x64-mingw-ucrt
  x86_64-linux

DEPENDENCIES
  awesome_print (~> 1.9)
  aws-sdk-sns (~> 1.112)
  aws-sdk-sqs (~> 1.111)
  obsws (~> 0.6.2)

CHECKSUMS
  awesome_print (1.9.2) sha256=e99b32b704acff16d768b3468680793ced40bfdc4537eb07e06a4be11133786e
  aws-eventstream (1.4.0) sha256=116bf85c436200d1060811e6f5d2d40c88f65448f2125bc77ffce5121e6e183b
  aws-partitions (1.1226.0) sha256=66fde74a9b53de8df53d511fdf2d898cb647d804ba1db34a6fe9b256fed449a8
  aws-sdk-core (3.243.0) sha256=a014eef785124b71d28325783fa422a1512f8421ec9b6e3931c8b0ca3fbb0f1c
  aws-sdk-sns (1.112.0) sha256=aff1b1b5bbcb4229599221c558a41790c1cd1a1fed47ac3d27d27512ad24b254
  aws-sdk-sqs (1.111.0) sha256=b5bf7986ba3002c6f48472454fa009b4e68fe1023b38124aa7594c00a7d8df99
  aws-sigv4 (1.12.1) sha256=6973ff95cb0fd0dc58ba26e90e9510a2219525d07620c8babeb70ef831826c00
  base64 (0.3.0) sha256=27337aeabad6ffae05c265c450490628ef3ebd4b67be58257393227588f5a97b
  bigdecimal (4.0.1) sha256=8b07d3d065a9f921c80ceaea7c9d4ae596697295b584c296fe599dd0ad01c4a7
  jmespath (1.6.2) sha256=238d774a58723d6c090494c8879b5e9918c19485f7e840f2c1c7532cf84ebcb1
  logger (1.7.0) sha256=196edec7cc44b66cfb40f9755ce11b392f21f7967696af15d274dde7edff0203
  obsws (0.6.2) sha256=b05df41b97654a8d4ce2518005067e6a6c12db702b78e5b3e6dc2c4e1fd3a7d4
  waitutil (0.2.1) sha256=881f3e6458d759c2c8fe4b75e8989963b70c9a15ed0a5b72d29c36933cdee5d2
  websocket-driver (0.7.7) sha256=056d99f2cd545712cfb1291650fde7478e4f2661dc1db6a0fa3b966231a146b4
  websocket-extensions (0.1.5) sha256=1c6ba63092cda343eb53fc657110c71c754c56484aad42578495227d717a8241

BUNDLED WITH
  4.0.5
